Microsoft Visual Studio Solution File, Format Version 12.00
# Visual Studio Version 17
VisualStudioVersion = 17.5.2.0
MinimumVisualStudioVersion = 10.0.40219.1
Project("{FAE04EC0-301F-11D3-BF4B-00C04F79EFBC}") = "DSA_2_Generic", "DSA_2_Generic.csproj", "{6826CB17-634B-3527-AD7D-BBF351F27F8D}"
EndProject
Global
	GlobalSection(SolutionConfigurationPlatforms) = preSolution
		Debug|Any CPU = Debug|Any CPU
		Release|Any CPU = Release|Any CPU
	EndGlobalSection
	GlobalSection(ProjectConfigurationPlatforms) = postSolution
		{6826CB17-634B-3527-AD7D-BBF351F27F8D}.Debug|Any CPU.ActiveCfg = Debug|Any CPU
		{6826CB17-634B-3527-AD7D-BBF351F27F8D}.Debug|Any CPU.Build.0 = Debug|Any CPU
		{6826CB17-634B-3527-AD7D-BBF351F27F8D}.Release|Any CPU.ActiveCfg = Release|Any CPU
		{6826CB17-634B-3527-AD7D-BBF351F27F8D}.Release|Any CPU.Build.0 = Release|Any CPU
	EndGlobalSection
	GlobalSection(SolutionProperties) = preSolution
		HideSolutionNode = FALSE
	EndGlobalSection
	GlobalSection(ExtensibilityGlobals) = postSolution
		SolutionGuid = {413D4BD0-BB51-49B7-B865-237738065F28}
	EndGlobalSection
EndGlobal
