Microsoft Visual Studio Solution File, Format Version 12.00
# Visual Studio Version 17
VisualStudioVersion = 17.5.2.0
MinimumVisualStudioVersion = 10.0.40219.1
Project("{FAE04EC0-301F-11D3-BF4B-00C04F79EFBC}") = "LR_5", "LR_5.csproj", "{80662885-CCD2-19D0-438F-35595319BB92}"
EndProject
Global
	GlobalSection(SolutionConfigurationPlatforms) = preSolution
		Debug|Any CPU = Debug|Any CPU
		Release|Any CPU = Release|Any CPU
	EndGlobalSection
	GlobalSection(ProjectConfigurationPlatforms) = postSolution
		{80662885-CCD2-19D0-438F-35595319BB92}.Debug|Any CPU.ActiveCfg = Debug|Any CPU
		{80662885-CCD2-19D0-438F-35595319BB92}.Debug|Any CPU.Build.0 = Debug|Any CPU
		{80662885-CCD2-19D0-438F-35595319BB92}.Release|Any CPU.ActiveCfg = Release|Any CPU
		{80662885-CCD2-19D0-438F-35595319BB92}.Release|Any CPU.Build.0 = Release|Any CPU
	EndGlobalSection
	GlobalSection(SolutionProperties) = preSolution
		HideSolutionNode = FALSE
	EndGlobalSection
	GlobalSection(ExtensibilityGlobals) = postSolution
		SolutionGuid = {E3A3C7E1-0BAA-4B55-A9FD-B4F747E4ED02}
	EndGlobalSection
EndGlobal
